
Microsoft Visual Studio Solution File, Format Version 11.00
# Visual C# Express 2010
Project("{FAE04EC0-301F-11D3-BF4B-00C04F79EFBC}") = "Steer2d", "Steer2d\Steer2d.csproj", "{3EC987CB-EDE6-45E8-A8DB-8F6B728F9EF6}"
EndProject
Project("{FAE04EC0-301F-11D3-BF4B-00C04F79EFBC}") = "Steer2d.Example", "Steer2d.Example\Steer2d.Example.csproj", "{9D42D64D-1D43-450A-B61B-BDC42E5131B6}"
EndProject
Project("{FAE04EC0-301F-11D3-BF4B-00C04F79EFBC}") = "DemoBaseXNA", "Dependencies\FarseerPhysics\DemoBaseXNA\DemoBaseXNA.csproj", "{691B7A20-9CD0-486D-87C4-8BD8001FE8FA}"
EndProject
Project("{FAE04EC0-301F-11D3-BF4B-00C04F79EFBC}") = "FarseerPhysicsXNA", "Dependencies\FarseerPhysics\Farseer Physics 2.1.3 XNA\FarseerPhysicsXNA.csproj", "{3CA74E02-3210-4BF8-85E9-024E9AD6F18D}"
EndProject
Global
	GlobalSection(SolutionConfigurationPlatforms) = preSolution
		Debug|Any CPU = Debug|Any CPU
		Debug|Mixed Platforms = Debug|Mixed Platforms
		Debug|x86 = Debug|x86
		Release|Any CPU = Release|Any CPU
		Release|Mixed Platforms = Release|Mixed Platforms
		Release|x86 = Release|x86
	EndGlobalSection
	GlobalSection(ProjectConfigurationPlatforms) = postSolution
		{3EC987CB-EDE6-45E8-A8DB-8F6B728F9EF6}.Debug|Any CPU.ActiveCfg = Debug|Any CPU
		{3EC987CB-EDE6-45E8-A8DB-8F6B728F9EF6}.Debug|Any CPU.Build.0 = Debug|Any CPU
		{3EC987CB-EDE6-45E8-A8DB-8F6B728F9EF6}.Debug|Mixed Platforms.ActiveCfg = Debug|Any CPU
		{3EC987CB-EDE6-45E8-A8DB-8F6B728F9EF6}.Debug|Mixed Platforms.Build.0 = Debug|Any CPU
		{3EC987CB-EDE6-45E8-A8DB-8F6B728F9EF6}.Debug|x86.ActiveCfg = Debug|Any CPU
		{3EC987CB-EDE6-45E8-A8DB-8F6B728F9EF6}.Release|Any CPU.ActiveCfg = Release|Any CPU
		{3EC987CB-EDE6-45E8-A8DB-8F6B728F9EF6}.Release|Any CPU.Build.0 = Release|Any CPU
		{3EC987CB-EDE6-45E8-A8DB-8F6B728F9EF6}.Release|Mixed Platforms.ActiveCfg = Release|Any CPU
		{3EC987CB-EDE6-45E8-A8DB-8F6B728F9EF6}.Release|Mixed Platforms.Build.0 = Release|Any CPU
		{3EC987CB-EDE6-45E8-A8DB-8F6B728F9EF6}.Release|x86.ActiveCfg = Release|Any CPU
		{9D42D64D-1D43-450A-B61B-BDC42E5131B6}.Debug|Any CPU.ActiveCfg = Debug|x86
		{9D42D64D-1D43-450A-B61B-BDC42E5131B6}.Debug|Mixed Platforms.ActiveCfg = Debug|x86
		{9D42D64D-1D43-450A-B61B-BDC42E5131B6}.Debug|Mixed Platforms.Build.0 = Debug|x86
		{9D42D64D-1D43-450A-B61B-BDC42E5131B6}.Debug|x86.ActiveCfg = Debug|x86
		{9D42D64D-1D43-450A-B61B-BDC42E5131B6}.Debug|x86.Build.0 = Debug|x86
		{9D42D64D-1D43-450A-B61B-BDC42E5131B6}.Release|Any CPU.ActiveCfg = Release|x86
		{9D42D64D-1D43-450A-B61B-BDC42E5131B6}.Release|Mixed Platforms.ActiveCfg = Release|x86
		{9D42D64D-1D43-450A-B61B-BDC42E5131B6}.Release|Mixed Platforms.Build.0 = Release|x86
		{9D42D64D-1D43-450A-B61B-BDC42E5131B6}.Release|x86.ActiveCfg = Release|x86
		{9D42D64D-1D43-450A-B61B-BDC42E5131B6}.Release|x86.Build.0 = Release|x86
		{691B7A20-9CD0-486D-87C4-8BD8001FE8FA}.Debug|Any CPU.ActiveCfg = Debug|x86
		{691B7A20-9CD0-486D-87C4-8BD8001FE8FA}.Debug|Mixed Platforms.ActiveCfg = Debug|x86
		{691B7A20-9CD0-486D-87C4-8BD8001FE8FA}.Debug|Mixed Platforms.Build.0 = Debug|x86
		{691B7A20-9CD0-486D-87C4-8BD8001FE8FA}.Debug|x86.ActiveCfg = Debug|x86
		{691B7A20-9CD0-486D-87C4-8BD8001FE8FA}.Debug|x86.Build.0 = Debug|x86
		{691B7A20-9CD0-486D-87C4-8BD8001FE8FA}.Release|Any CPU.ActiveCfg = Release|x86
		{691B7A20-9CD0-486D-87C4-8BD8001FE8FA}.Release|Mixed Platforms.ActiveCfg = Release|x86
		{691B7A20-9CD0-486D-87C4-8BD8001FE8FA}.Release|Mixed Platforms.Build.0 = Release|x86
		{691B7A20-9CD0-486D-87C4-8BD8001FE8FA}.Release|x86.ActiveCfg = Release|x86
		{691B7A20-9CD0-486D-87C4-8BD8001FE8FA}.Release|x86.Build.0 = Release|x86
		{3CA74E02-3210-4BF8-85E9-024E9AD6F18D}.Debug|Any CPU.ActiveCfg = Debug|x86
		{3CA74E02-3210-4BF8-85E9-024E9AD6F18D}.Debug|Mixed Platforms.ActiveCfg = Debug|x86
		{3CA74E02-3210-4BF8-85E9-024E9AD6F18D}.Debug|Mixed Platforms.Build.0 = Debug|x86
		{3CA74E02-3210-4BF8-85E9-024E9AD6F18D}.Debug|x86.ActiveCfg = Debug|x86
		{3CA74E02-3210-4BF8-85E9-024E9AD6F18D}.Debug|x86.Build.0 = Debug|x86
		{3CA74E02-3210-4BF8-85E9-024E9AD6F18D}.Release|Any CPU.ActiveCfg = Release|x86
		{3CA74E02-3210-4BF8-85E9-024E9AD6F18D}.Release|Mixed Platforms.ActiveCfg = Release|x86
		{3CA74E02-3210-4BF8-85E9-024E9AD6F18D}.Release|Mixed Platforms.Build.0 = Release|x86
		{3CA74E02-3210-4BF8-85E9-024E9AD6F18D}.Release|x86.ActiveCfg = Release|x86
		{3CA74E02-3210-4BF8-85E9-024E9AD6F18D}.Release|x86.Build.0 = Release|x86
	EndGlobalSection
	GlobalSection(SolutionProperties) = preSolution
		HideSolutionNode = FALSE
	EndGlobalSection
EndGlobal
